
Microsoft Visual Studio Solution File, Format Version 12.00
# Visual Studio Version 17
VisualStudioVersion = 17.4.33213.308
MinimumVisualStudioVersion = 10.0.40219.1
Project("{FAE04EC0-301F-11D3-BF4B-00C04F79EFBC}") = "Проверочная работа", "Проверочная работа\Проверочная работа.csproj", "{A05B53AA-6923-4C59-9AFB-84C7F7ED4670}"
EndProject
Global
	GlobalSection(SolutionConfigurationPlatforms) = preSolution
		Debug|Any CPU = Debug|Any CPU
		Release|Any CPU = Release|Any CPU
	EndGlobalSection
	GlobalSection(ProjectConfigurationPlatforms) = postSolution
		{A05B53AA-6923-4C59-9AFB-84C7F7ED4670}.Debug|Any CPU.ActiveCfg = Debug|Any CPU
		{A05B53AA-6923-4C59-9AFB-84C7F7ED4670}.Debug|Any CPU.Build.0 = Debug|Any CPU
		{A05B53AA-6923-4C59-9AFB-84C7F7ED4670}.Release|Any CPU.ActiveCfg = Release|Any CPU
		{A05B53AA-6923-4C59-9AFB-84C7F7ED4670}.Release|Any CPU.Build.0 = Release|Any CPU
	EndGlobalSection
	GlobalSection(SolutionProperties) = preSolution
		HideSolutionNode = FALSE
	EndGlobalSection
	GlobalSection(ExtensibilityGlobals) = postSolution
		SolutionGuid = {D20360DF-BBC6-4530-88E3-19C0D4156B5B}
	EndGlobalSection
EndGlobal
